Microsoft Visual Studio Solution File, Format Version 8.00
Project("{8BC9CEB8-8B4A-11D0-8D11-00A0C91BC942}") = "winmem", "winmem.vcproj", "{67B22263-FF3F-4254-B410-65A9C57F442B}"
	ProjectSection(ProjectDependencies) = postProject
	EndProjectSection
EndProject
Global
	GlobalSection(SolutionConfiguration) = preSolution
		Debug = Debug
		Release = Release
	EndGlobalSection
	GlobalSection(ProjectConfiguration) = postSolution
		{67B22263-FF3F-4254-B410-65A9C57F442B}.Debug.ActiveCfg = Debug|Win32
		{67B22263-FF3F-4254-B410-65A9C57F442B}.Debug.Build.0 = Debug|Win32
		{67B22263-FF3F-4254-B410-65A9C57F442B}.Release.ActiveCfg = Release|Win32
		{67B22263-FF3F-4254-B410-65A9C57F442B}.Release.Build.0 = Release|Win32
	EndGlobalSection
	GlobalSection(ExtensibilityGlobals) = postSolution
	EndGlobalSection
	GlobalSection(ExtensibilityAddIns) = postSolution
	EndGlobalSection
EndGlobal
